// !$*UTF8*$!
{
	archiveVersion = 1;
	classes = {
	};
	objectVersion = 50;
	objects = {

/* Begin PBXBuildFile section */
		9F15CF0522BF99AC00FB402A /* AppDelegate.swift in Sources */ = {isa = PBXBuildFile; fileRef = 9F15CF0422BF99AC00FB402A /* AppDelegate.swift */; };
		9F15CF0A22BF99AC00FB402A /* Main.storyboard in Resources */ = {isa = PBXBuildFile; fileRef = 9F15CF0822BF99AC00FB402A /* Main.storyboard */; };
		9F15CF0C22BF99AD00FB402A /* Assets.xcassets in Resources */ = {isa = PBXBuildFile; fileRef = 9F15CF0B22BF99AD00FB402A /* Assets.xcassets */; };
		9F15CF0F22BF99AD00FB402A /* LaunchScreen.storyboard in Resources */ = {isa = PBXBuildFile; fileRef = 9F15CF0D22BF99AD00FB402A /* LaunchScreen.storyboard */; };
		9F15CF1A22BF99AD00FB402A /* RJSLib_SampleTests.swift in Sources */ = {isa = PBXBuildFile; fileRef = 9F15CF1922BF99AD00FB402A /* RJSLib_SampleTests.swift */; };
		9F3EF62622BF1100002D182E /* RJPSLibDataModel.xcdatamodeld in Sources */ = {isa = PBXBuildFile; fileRef = 9F3EF62422BF1100002D182E /* RJPSLibDataModel.xcdatamodeld */; };
		9F56385D22CE586B008701A5 /* RJPSLib.framework in Frameworks */ = {isa = PBXBuildFile; fileRef = 9FC12F8D22BE61E300A111C8 /* RJPSLib.framework */; };
		9F56386222CE63DD008701A5 /* Array+Extensions.swift in Sources */ = {isa = PBXBuildFile; fileRef = 9F56386122CE63DD008701A5 /* Array+Extensions.swift */; };
		9F69CADB22BE6523008D305D /* typelias.swift in Sources */ = {isa = PBXBuildFile; fileRef = 9F69CAAA22BE6523008D305D /* typelias.swift */; };
		9F69CADC22BE6523008D305D /* RJS_DataModel.swift in Sources */ = {isa = PBXBuildFile; fileRef = 9F69CAAD22BE6523008D305D /* RJS_DataModel.swift */; };
		9F69CADD22BE6523008D305D /* SimpleNetworkClient.swift in Sources */ = {isa = PBXBuildFile; fileRef = 9F69CAAE22BE6523008D305D /* SimpleNetworkClient.swift */; };
		9F69CADE22BE6523008D305D /* CoreDataManager.swift in Sources */ = {isa = PBXBuildFile; fileRef = 9F69CAAF22BE6523008D305D /* CoreDataManager.swift */; };
		9F69CADF22BE6523008D305D /* PermissionsManager.swift in Sources */ = {isa = PBXBuildFile; fileRef = 9F69CAB022BE6523008D305D /* PermissionsManager.swift */; };
		9F69CAE222BE6523008D305D /* Storages.swift in Sources */ = {isa = PBXBuildFile; fileRef = 9F69CAB422BE6523008D305D /* Storages.swift */; };
		9F69CAE322BE6523008D305D /* Convert.swift in Sources */ = {isa = PBXBuildFile; fileRef = 9F69CAB522BE6523008D305D /* Convert.swift */; };
		9F69CAE422BE6523008D305D /* SynchronizedArray.swift in Sources */ = {isa = PBXBuildFile; fileRef = 9F69CAB622BE6523008D305D /* SynchronizedArray.swift */; };
		9F69CAE522BE6523008D305D /* RJSCronometer.swift in Sources */ = {isa = PBXBuildFile; fileRef = 9F69CAB722BE6523008D305D /* RJSCronometer.swift */; };
		9F69CAE622BE6523008D305D /* Logs.swift in Sources */ = {isa = PBXBuildFile; fileRef = 9F69CAB822BE6523008D305D /* Logs.swift */; };
		9F69CAE722BE6523008D305D /* Utils.swift in Sources */ = {isa = PBXBuildFile; fileRef = 9F69CAB922BE6523008D305D /* Utils.swift */; };
		9F69CAE822BE6523008D305D /* AppAndDeviceInfo.swift in Sources */ = {isa = PBXBuildFile; fileRef = 9F69CABA22BE6523008D305D /* AppAndDeviceInfo.swift */; };
		9F69CAE922BE6523008D305D /* UIButton+Extensions.swift in Sources */ = {isa = PBXBuildFile; fileRef = 9F69CABC22BE6523008D305D /* UIButton+Extensions.swift */; };
		9F69CAEC22BE6523008D305D /* String+Extensions.swift in Sources */ = {isa = PBXBuildFile; fileRef = 9F69CAC022BE6523008D305D /* String+Extensions.swift */; };
		9F69CAED22BE6523008D305D /* UIColor+Extensions.swift in Sources */ = {isa = PBXBuildFile; fileRef = 9F69CAC122BE6523008D305D /* UIColor+Extensions.swift */; };
		9F69CAEE22BE6523008D305D /* RangeReplaceableCollection+Extensions.swift in Sources */ = {isa = PBXBuildFile; fileRef = 9F69CAC222BE6523008D305D /* RangeReplaceableCollection+Extensions.swift */; };
		9F69CAEF22BE6523008D305D /* RJSLib+UIView.swift in Sources */ = {isa = PBXBuildFile; fileRef = 9F69CAC422BE6523008D305D /* RJSLib+UIView.swift */; };
		9F69CAF022BE6523008D305D /* RJSLib+Layouts.swift in Sources */ = {isa = PBXBuildFile; fileRef = 9F69CAC522BE6523008D305D /* RJSLib+Layouts.swift */; };
		9F69CAF122BE6523008D305D /* RJSLib+UIImageView.swift in Sources */ = {isa = PBXBuildFile; fileRef = 9F69CAC722BE6523008D305D /* RJSLib+UIImageView.swift */; };
		9F69CAF222BE6523008D305D /* RJSLib+UIImage.swift in Sources */ = {isa = PBXBuildFile; fileRef = 9F69CAC822BE6523008D305D /* RJSLib+UIImage.swift */; };
		9F69CAF322BE6523008D305D /* DispatchQueue+Extensions.swift in Sources */ = {isa = PBXBuildFile; fileRef = 9F69CAC922BE6523008D305D /* DispatchQueue+Extensions.swift */; };
		9F69CAF422BE6523008D305D /* RJSLib+UIViewController.swift in Sources */ = {isa = PBXBuildFile; fileRef = 9F69CACB22BE6523008D305D /* RJSLib+UIViewController.swift */; };
		9F69CAF522BE6523008D305D /* NSObject+Extensions.swift in Sources */ = {isa = PBXBuildFile; fileRef = 9F69CACC22BE6523008D305D /* NSObject+Extensions.swift */; };
		9F69CAF622BE6523008D305D /* Date+Extensions.swift in Sources */ = {isa = PBXBuildFile; fileRef = 9F69CACD22BE6523008D305D /* Date+Extensions.swift */; };
		9F69CAF922BE6523008D305D /* RJSLibraryExtension.swift in Sources */ = {isa = PBXBuildFile; fileRef = 9F69CAD122BE6523008D305D /* RJSLibraryExtension.swift */; };
		9F69CAFA22BE6523008D305D /* Constants.swift in Sources */ = {isa = PBXBuildFile; fileRef = 9F69CAD222BE6523008D305D /* Constants.swift */; };
		9F69CAFB22BE6523008D305D /* Designables+ActivityIndicator.swift in Sources */ = {isa = PBXBuildFile; fileRef = 9F69CAD422BE6523008D305D /* Designables+ActivityIndicator.swift */; };
		9F69CAFC22BE6523008D305D /* Designables+SearchBar.swift in Sources */ = {isa = PBXBuildFile; fileRef = 9F69CAD522BE6523008D305D /* Designables+SearchBar.swift */; };
		9F69CAFE22BE6523008D305D /* NetworkClientResponse.swift in Sources */ = {isa = PBXBuildFile; fileRef = 9F69CAD822BE6523008D305D /* NetworkClientResponse.swift */; };
		9F69CAFF22BE6523008D305D /* NetworkClientErrorsManager.swift in Sources */ = {isa = PBXBuildFile; fileRef = 9F69CAD922BE6523008D305D /* NetworkClientErrorsManager.swift */; };
		9F69CB0022BE6523008D305D /* NetworkClient.swift in Sources */ = {isa = PBXBuildFile; fileRef = 9F69CADA22BE6523008D305D /* NetworkClient.swift */; };
		9F6A80D1231EC08700910AE4 /* SampleB_SwiftUITesting.swift in Sources */ = {isa = PBXBuildFile; fileRef = 9F6A80CE231EC08700910AE4 /* SampleB_SwiftUITesting.swift */; };
		9F6A80D2231EC08700910AE4 /* SampleA_SwiftUITesting.swift in Sources */ = {isa = PBXBuildFile; fileRef = 9F6A80CF231EC08700910AE4 /* SampleA_SwiftUITesting.swift */; };
		9F6A80D3231EC08700910AE4 /* SampleC_SwiftUITesting.swift in Sources */ = {isa = PBXBuildFile; fileRef = 9F6A80D0231EC08700910AE4 /* SampleC_SwiftUITesting.swift */; };
		9F6BB2C322E33F7800829A6F /* CharacterSet+Extension.swift in Sources */ = {isa = PBXBuildFile; fileRef = 9F6BB2C222E33F7800829A6F /* CharacterSet+Extension.swift */; };
		9FA89FFE22C213BC009EE8B5 /* SampleUITestingA_View.swift in Sources */ = {isa = PBXBuildFile; fileRef = 9FA89FF922C213BC009EE8B5 /* SampleUITestingA_View.swift */; };
		9FA8A00722C216CE009EE8B5 /* GenericPresenter_Protocol.swift in Sources */ = {isa = PBXBuildFile; fileRef = 9FA8A00322C216CE009EE8B5 /* GenericPresenter_Protocol.swift */; };
		9FA8A00822C216CE009EE8B5 /* GenericView.swift in Sources */ = {isa = PBXBuildFile; fileRef = 9FA8A00422C216CE009EE8B5 /* GenericView.swift */; };
		9FA8A00922C216CE009EE8B5 /* AppConstants.swift in Sources */ = {isa = PBXBuildFile; fileRef = 9FA8A00522C216CE009EE8B5 /* AppConstants.swift */; };
		9FA8A00A22C216CE009EE8B5 /* typealias.swift in Sources */ = {isa = PBXBuildFile; fileRef = 9FA8A00622C216CE009EE8B5 /* typealias.swift */; };
		9FA8A00E22C2180E009EE8B5 /* AppManagers+Factory.swift in Sources */ = {isa = PBXBuildFile; fileRef = 9FA8A00D22C2180E009EE8B5 /* AppManagers+Factory.swift */; };
		9FB9F95422E474A600D64FD2 /* Designables.swift in Sources */ = {isa = PBXBuildFile; fileRef = 9FB9F95322E474A600D64FD2 /* Designables.swift */; };
		9FB9F95622E4769C00D64FD2 /* Designables+TextField.swift in Sources */ = {isa = PBXBuildFile; fileRef = 9FB9F95522E4769C00D64FD2 /* Designables+TextField.swift */; };
		9FB9F96422E4796600D64FD2 /* YoshikoTextField.swift in Sources */ = {isa = PBXBuildFile; fileRef = 9FB9F95822E4796600D64FD2 /* YoshikoTextField.swift */; };
		9FB9F96622E4796600D64FD2 /* HoshiTextField.swift in Sources */ = {isa = PBXBuildFile; fileRef = 9FB9F95A22E4796600D64FD2 /* HoshiTextField.swift */; };
		9FB9F96722E4796600D64FD2 /* MinoruTextField.swift in Sources */ = {isa = PBXBuildFile; fileRef = 9FB9F95B22E4796600D64FD2 /* MinoruTextField.swift */; };
		9FB9F96822E4796600D64FD2 /* YokoTextField.swift in Sources */ = {isa = PBXBuildFile; fileRef = 9FB9F95C22E4796600D64FD2 /* YokoTextField.swift */; };
		9FB9F96922E4796600D64FD2 /* TextFieldEffects.swift in Sources */ = {isa = PBXBuildFile; fileRef = 9FB9F95D22E4796600D64FD2 /* TextFieldEffects.swift */; };
		9FB9F96A22E4796600D64FD2 /* JiroTextField.swift in Sources */ = {isa = PBXBuildFile; fileRef = 9FB9F95E22E4796600D64FD2 /* JiroTextField.swift */; };
		9FB9F96B22E4796600D64FD2 /* MadokaTextField.swift in Sources */ = {isa = PBXBuildFile; fileRef = 9FB9F95F22E4796600D64FD2 /* MadokaTextField.swift */; };
		9FB9F96C22E4796600D64FD2 /* KaedeTextField.swift in Sources */ = {isa = PBXBuildFile; fileRef = 9FB9F96022E4796600D64FD2 /* KaedeTextField.swift */; };
		9FB9F96D22E4796600D64FD2 /* AkiraTextField.swift in Sources */ = {isa = PBXBuildFile; fileRef = 9FB9F96122E4796600D64FD2 /* AkiraTextField.swift */; };
		9FB9F96E22E4796600D64FD2 /* IsaoTextField.swift in Sources */ = {isa = PBXBuildFile; fileRef = 9FB9F96222E4796600D64FD2 /* IsaoTextField.swift */; };
		9FC12F9222BE61E300A111C8 /* RJPSLib.h in Headers */ = {isa = PBXBuildFile; fileRef = 9FC12F9022BE61E300A111C8 /* RJPSLib.h */; settings = {ATTRIBUTES = (Public, ); }; };
		9FDB9B6F22DB7CEC00D8D3B9 /* HerokuServer.swift in Sources */ = {isa = PBXBuildFile; fileRef = 9FDB9B6E22DB7CEC00D8D3B9 /* HerokuServer.swift */; };
		9FDB9B7522DBC8EA00D8D3B9 /* AES256CBC.swift in Sources */ = {isa = PBXBuildFile; fileRef = 9FDB9B7022DBC4C500D8D3B9 /* AES256CBC.swift */; };
		9FDB9B7F22DBC98000D8D3B9 /* KeychainItemAccessibility.swift in Sources */ = {isa = PBXBuildFile; fileRef = 9FDB9B7C22DBC98000D8D3B9 /* KeychainItemAccessibility.swift */; };
		9FDB9B8022DBC98000D8D3B9 /* SwiftKeychainWrapper.h in Headers */ = {isa = PBXBuildFile; fileRef = 9FDB9B7D22DBC98000D8D3B9 /* SwiftKeychainWrapper.h */; };
		9FDB9B8122DBC98000D8D3B9 /* KeychainWrapper.swift in Sources */ = {isa = PBXBuildFile; fileRef = 9FDB9B7E22DBC98000D8D3B9 /* KeychainWrapper.swift */; };
		D7174CFD235E0CE30023541E /* Media.xcassets in Resources */ = {isa = PBXBuildFile; fileRef = D7174CFC235E0CE30023541E /* Media.xcassets */; };
		D741A32C2469B8FF000235E0 /* Storages+Files.swift in Sources */ = {isa = PBXBuildFile; fileRef = D741A32B2469B8FF000235E0 /* Storages+Files.swift */; };
		D741A32E2469B953000235E0 /* Storages+KeyChain.swift in Sources */ = {isa = PBXBuildFile; fileRef = D741A32D2469B953000235E0 /* Storages+KeyChain.swift */; };
		D741A3302469B9BB000235E0 /* Storages+Cache.swift in Sources */ = {isa = PBXBuildFile; fileRef = D741A32F2469B9BB000235E0 /* Storages+Cache.swift */; };
		D741A3322469B9D6000235E0 /* Storages+NSUserDefaults.swift in Sources */ = {isa = PBXBuildFile; fileRef = D741A3312469B9D6000235E0 /* Storages+NSUserDefaults.swift */; };
		D741A3342469BA4C000235E0 /* Storages+NSUserDefaultsStoredVarUtils.swift in Sources */ = {isa = PBXBuildFile; fileRef = D741A3332469BA4C000235E0 /* Storages+NSUserDefaultsStoredVarUtils.swift */; };
		D741A354246A07CC000235E0 /* Dictionary+Extensions.swift in Sources */ = {isa = PBXBuildFile; fileRef = D741A353246A07CC000235E0 /* Dictionary+Extensions.swift */; };
/* End PBXBuildFile section */

/* Begin PBXContainerItemProxy section */
		9F15CF1622BF99AD00FB402A /* PBXContainerItemProxy */ = {
			isa = PBXContainerItemProxy;
			containerPortal = 9FC12F8422BE61E300A111C8 /* Project object */;
			proxyType = 1;
			remoteGlobalIDString = 9F15CF0122BF99AC00FB402A;
			remoteInfo = RJSLib.Sample;
		};
/* End PBXContainerItemProxy section */

/* Begin PBXFileReference section */
		9F15CF0222BF99AC00FB402A /* RJSLib.Sample.app */ = {isa = PBXFileReference; explicitFileType = wrapper.application; includeInIndex = 0; path = RJSLib.Sample.app; sourceTree = BUILT_PRODUCTS_DIR; };
		9F15CF0422BF99AC00FB402A /* AppDelegate.swift */ = {isa = PBXFileReference; lastKnownFileType = sourcecode.swift; path = AppDelegate.swift; sourceTree = "<group>"; };
		9F15CF0922BF99AC00FB402A /* Base */ = {isa = PBXFileReference; lastKnownFileType = file.storyboard; name = Base; path = Base.lproj/Main.storyboard; sourceTree = "<group>"; };
		9F15CF0B22BF99AD00FB402A /* Assets.xcassets */ = {isa = PBXFileReference; lastKnownFileType = folder.assetcatalog; path = Assets.xcassets; sourceTree = "<group>"; };
		9F15CF0E22BF99AD00FB402A /* Base */ = {isa = PBXFileReference; lastKnownFileType = file.storyboard; name = Base; path = Base.lproj/LaunchScreen.storyboard; sourceTree = "<group>"; };
		9F15CF1022BF99AD00FB402A /* Info.plist */ = {isa = PBXFileReference; lastKnownFileType = text.plist.xml; path = Info.plist; sourceTree = "<group>"; };
		9F15CF1522BF99AD00FB402A /* RJSLib.SampleTests.xctest */ = {isa = PBXFileReference; explicitFileType = wrapper.cfbundle; includeInIndex = 0; path = RJSLib.SampleTests.xctest; sourceTree = BUILT_PRODUCTS_DIR; };
		9F15CF1922BF99AD00FB402A /* RJSLib_SampleTests.swift */ = {isa = PBXFileReference; lastKnownFileType = sourcecode.swift; path = RJSLib_SampleTests.swift; sourceTree = "<group>"; };
		9F15CF1B22BF99AD00FB402A /* Info.plist */ = {isa = PBXFileReference; lastKnownFileType = text.plist.xml; path = Info.plist; sourceTree = "<group>"; };
		9F3EF62522BF1100002D182E /* RJPSLibDataModel.xcdatamodel */ = {isa = PBXFileReference; lastKnownFileType = wrapper.xcdatamodel; path = RJPSLibDataModel.xcdatamodel; sourceTree = "<group>"; };
		9F56386122CE63DD008701A5 /* Array+Extensions.swift */ = {isa = PBXFileReference; fileEncoding = 4; lastKnownFileType = sourcecode.swift; path = "Array+Extensions.swift"; sourceTree = "<group>"; };
		9F69CAAA22BE6523008D305D /* typelias.swift */ = {isa = PBXFileReference; fileEncoding = 4; lastKnownFileType = sourcecode.swift; path = typelias.swift; sourceTree = "<group>"; };
		9F69CAAD22BE6523008D305D /* RJS_DataModel.swift */ = {isa = PBXFileReference; fileEncoding = 4; lastKnownFileType = sourcecode.swift; path = RJS_DataModel.swift; sourceTree = "<group>"; };
		9F69CAAE22BE6523008D305D /* SimpleNetworkClient.swift */ = {isa = PBXFileReference; fileEncoding = 4; lastKnownFileType = sourcecode.swift; path = SimpleNetworkClient.swift; sourceTree = "<group>"; };
		9F69CAAF22BE6523008D305D /* CoreDataManager.swift */ = {isa = PBXFileReference; fileEncoding = 4; lastKnownFileType = sourcecode.swift; path = CoreDataManager.swift; sourceTree = "<group>"; };
		9F69CAB022BE6523008D305D /* PermissionsManager.swift */ = {isa = PBXFileReference; fileEncoding = 4; lastKnownFileType = sourcecode.swift; path = PermissionsManager.swift; sourceTree = "<group>"; };
		9F69CAB422BE6523008D305D /* Storages.swift */ = {isa = PBXFileReference; fileEncoding = 4; lastKnownFileType = sourcecode.swift; path = Storages.swift; sourceTree = "<group>"; };
		9F69CAB522BE6523008D305D /* Convert.swift */ = {isa = PBXFileReference; fileEncoding = 4; lastKnownFileType = sourcecode.swift; path = Convert.swift; sourceTree = "<group>"; };
		9F69CAB622BE6523008D305D /* SynchronizedArray.swift */ = {isa = PBXFileReference; fileEncoding = 4; lastKnownFileType = sourcecode.swift; path = SynchronizedArray.swift; sourceTree = "<group>"; };
		9F69CAB722BE6523008D305D /* RJSCronometer.swift */ = {isa = PBXFileReference; fileEncoding = 4; lastKnownFileType = sourcecode.swift; path = RJSCronometer.swift; sourceTree = "<group>"; };
		9F69CAB822BE6523008D305D /* Logs.swift */ = {isa = PBXFileReference; fileEncoding = 4; lastKnownFileType = sourcecode.swift; path = Logs.swift; sourceTree = "<group>"; };
		9F69CAB922BE6523008D305D /* Utils.swift */ = {isa = PBXFileReference; fileEncoding = 4; lastKnownFileType = sourcecode.swift; path = Utils.swift; sourceTree = "<group>"; };
		9F69CABA22BE6523008D305D /* AppAndDeviceInfo.swift */ = {isa = PBXFileReference; fileEncoding = 4; lastKnownFileType = sourcecode.swift; path = AppAndDeviceInfo.swift; sourceTree = "<group>"; };
		9F69CABC22BE6523008D305D /* UIButton+Extensions.swift */ = {isa = PBXFileReference; fileEncoding = 4; lastKnownFileType = sourcecode.swift; path = "UIButton+Extensions.swift"; sourceTree = "<group>"; };
		9F69CAC022BE6523008D305D /* String+Extensions.swift */ = {isa = PBXFileReference; fileEncoding = 4; lastKnownFileType = sourcecode.swift; path = "String+Extensions.swift"; sourceTree = "<group>"; };
		9F69CAC122BE6523008D305D /* UIColor+Extensions.swift */ = {isa = PBXFileReference; fileEncoding = 4; lastKnownFileType = sourcecode.swift; path = "UIColor+Extensions.swift"; sourceTree = "<group>"; };
		9F69CAC222BE6523008D305D /* RangeReplaceableCollection+Extensions.swift */ = {isa = PBXFileReference; fileEncoding = 4; lastKnownFileType = sourcecode.swift; path = "RangeReplaceableCollection+Extensions.swift"; sourceTree = "<group>"; };
		9F69CAC422BE6523008D305D /* RJSLib+UIView.swift */ = {isa = PBXFileReference; fileEncoding = 4; lastKnownFileType = sourcecode.swift; path = "RJSLib+UIView.swift"; sourceTree = "<group>"; };
		9F69CAC522BE6523008D305D /* RJSLib+Layouts.swift */ = {isa = PBXFileReference; fileEncoding = 4; lastKnownFileType = sourcecode.swift; path = "RJSLib+Layouts.swift"; sourceTree = "<group>"; };
		9F69CAC722BE6523008D305D /* RJSLib+UIImageView.swift */ = {isa = PBXFileReference; fileEncoding = 4; lastKnownFileType = sourcecode.swift; path = "RJSLib+UIImageView.swift"; sourceTree = "<group>"; };
		9F69CAC822BE6523008D305D /* RJSLib+UIImage.swift */ = {isa = PBXFileReference; fileEncoding = 4; lastKnownFileType = sourcecode.swift; path = "RJSLib+UIImage.swift"; sourceTree = "<group>"; };
		9F69CAC922BE6523008D305D /* DispatchQueue+Extensions.swift */ = {isa = PBXFileReference; fileEncoding = 4; lastKnownFileType = sourcecode.swift; path = "DispatchQueue+Extensions.swift"; sourceTree = "<group>"; };
		9F69CACB22BE6523008D305D /* RJSLib+UIViewController.swift */ = {isa = PBXFileReference; fileEncoding = 4; lastKnownFileType = sourcecode.swift; path = "RJSLib+UIViewController.swift"; sourceTree = "<group>"; };
		9F69CACC22BE6523008D305D /* NSObject+Extensions.swift */ = {isa = PBXFileReference; fileEncoding = 4; lastKnownFileType = sourcecode.swift; path = "NSObject+Extensions.swift"; sourceTree = "<group>"; };
		9F69CACD22BE6523008D305D /* Date+Extensions.swift */ = {isa = PBXFileReference; fileEncoding = 4; lastKnownFileType = sourcecode.swift; path = "Date+Extensions.swift"; sourceTree = "<group>"; };
		9F69CAD122BE6523008D305D /* RJSLibraryExtension.swift */ = {isa = PBXFileReference; fileEncoding = 4; lastKnownFileType = sourcecode.swift; path = RJSLibraryExtension.swift; sourceTree = "<group>"; };
		9F69CAD222BE6523008D305D /* Constants.swift */ = {isa = PBXFileReference; fileEncoding = 4; lastKnownFileType = sourcecode.swift; path = Constants.swift; sourceTree = "<group>"; };
		9F69CAD422BE6523008D305D /* Designables+ActivityIndicator.swift */ = {isa = PBXFileReference; fileEncoding = 4; lastKnownFileType = sourcecode.swift; path = "Designables+ActivityIndicator.swift"; sourceTree = "<group>"; };
		9F69CAD522BE6523008D305D /* Designables+SearchBar.swift */ = {isa = PBXFileReference; fileEncoding = 4; lastKnownFileType = sourcecode.swift; path = "Designables+SearchBar.swift"; sourceTree = "<group>"; };
		9F69CAD822BE6523008D305D /* NetworkClientResponse.swift */ = {isa = PBXFileReference; fileEncoding = 4; lastKnownFileType = sourcecode.swift; path = NetworkClientResponse.swift; sourceTree = "<group>"; };
		9F69CAD922BE6523008D305D /* NetworkClientErrorsManager.swift */ = {isa = PBXFileReference; fileEncoding = 4; lastKnownFileType = sourcecode.swift; path = NetworkClientErrorsManager.swift; sourceTree = "<group>"; };
		9F69CADA22BE6523008D305D /* NetworkClient.swift */ = {isa = PBXFileReference; fileEncoding = 4; lastKnownFileType = sourcecode.swift; path = NetworkClient.swift; sourceTree = "<group>"; };
		9F6A80CE231EC08700910AE4 /* SampleB_SwiftUITesting.swift */ = {isa = PBXFileReference; fileEncoding = 4; lastKnownFileType = sourcecode.swift; path = SampleB_SwiftUITesting.swift; sourceTree = "<group>"; };
		9F6A80CF231EC08700910AE4 /* SampleA_SwiftUITesting.swift */ = {isa = PBXFileReference; fileEncoding = 4; lastKnownFileType = sourcecode.swift; path = SampleA_SwiftUITesting.swift; sourceTree = "<group>"; };
		9F6A80D0231EC08700910AE4 /* SampleC_SwiftUITesting.swift */ = {isa = PBXFileReference; fileEncoding = 4; lastKnownFileType = sourcecode.swift; path = SampleC_SwiftUITesting.swift; sourceTree = "<group>"; };
		9F6BB2C222E33F7800829A6F /* CharacterSet+Extension.swift */ = {isa = PBXFileReference; fileEncoding = 4; lastKnownFileType = sourcecode.swift; path = "CharacterSet+Extension.swift"; sourceTree = "<group>"; };
		9FA89FF922C213BC009EE8B5 /* SampleUITestingA_View.swift */ = {isa = PBXFileReference; fileEncoding = 4; lastKnownFileType = sourcecode.swift; path = SampleUITestingA_View.swift; sourceTree = "<group>"; };
		9FA8A00322C216CE009EE8B5 /* GenericPresenter_Protocol.swift */ = {isa = PBXFileReference; fileEncoding = 4; lastKnownFileType = sourcecode.swift; path = GenericPresenter_Protocol.swift; sourceTree = "<group>"; };
		9FA8A00422C216CE009EE8B5 /* GenericView.swift */ = {isa = PBXFileReference; fileEncoding = 4; lastKnownFileType = sourcecode.swift; path = GenericView.swift; sourceTree = "<group>"; };
		9FA8A00522C216CE009EE8B5 /* AppConstants.swift */ = {isa = PBXFileReference; fileEncoding = 4; lastKnownFileType = sourcecode.swift; path = AppConstants.swift; sourceTree = "<group>"; };
		9FA8A00622C216CE009EE8B5 /* typealias.swift */ = {isa = PBXFileReference; fileEncoding = 4; lastKnownFileType = sourcecode.swift; path = typealias.swift; sourceTree = "<group>"; };
		9FA8A00D22C2180E009EE8B5 /* AppManagers+Factory.swift */ = {isa = PBXFileReference; fileEncoding = 4; lastKnownFileType = sourcecode.swift; path = "AppManagers+Factory.swift"; sourceTree = "<group>"; };
		9FB9F95322E474A600D64FD2 /* Designables.swift */ = {isa = PBXFileReference; fileEncoding = 4; lastKnownFileType = sourcecode.swift; path = Designables.swift; sourceTree = "<group>"; };
		9FB9F95522E4769C00D64FD2 /* Designables+TextField.swift */ = {isa = PBXFileReference; fileEncoding = 4; lastKnownFileType = sourcecode.swift; path = "Designables+TextField.swift"; sourceTree = "<group>"; };
		9FB9F95822E4796600D64FD2 /* YoshikoTextField.swift */ = {isa = PBXFileReference; fileEncoding = 4; lastKnownFileType = sourcecode.swift; path = YoshikoTextField.swift; sourceTree = "<group>"; };
		9FB9F95A22E4796600D64FD2 /* HoshiTextField.swift */ = {isa = PBXFileReference; fileEncoding = 4; lastKnownFileType = sourcecode.swift; path = HoshiTextField.swift; sourceTree = "<group>"; };
		9FB9F95B22E4796600D64FD2 /* MinoruTextField.swift */ = {isa = PBXFileReference; fileEncoding = 4; lastKnownFileType = sourcecode.swift; path = MinoruTextField.swift; sourceTree = "<group>"; };
		9FB9F95C22E4796600D64FD2 /* YokoTextField.swift */ = {isa = PBXFileReference; fileEncoding = 4; lastKnownFileType = sourcecode.swift; path = YokoTextField.swift; sourceTree = "<group>"; };
		9FB9F95D22E4796600D64FD2 /* TextFieldEffects.swift */ = {isa = PBXFileReference; fileEncoding = 4; lastKnownFileType = sourcecode.swift; path = TextFieldEffects.swift; sourceTree = "<group>"; };
		9FB9F95E22E4796600D64FD2 /* JiroTextField.swift */ = {isa = PBXFileReference; fileEncoding = 4; lastKnownFileType = sourcecode.swift; path = JiroTextField.swift; sourceTree = "<group>"; };
		9FB9F95F22E4796600D64FD2 /* MadokaTextField.swift */ = {isa = PBXFileReference; fileEncoding = 4; lastKnownFileType = sourcecode.swift; path = MadokaTextField.swift; sourceTree = "<group>"; };
		9FB9F96022E4796600D64FD2 /* KaedeTextField.swift */ = {isa = PBXFileReference; fileEncoding = 4; lastKnownFileType = sourcecode.swift; path = KaedeTextField.swift; sourceTree = "<group>"; };
		9FB9F96122E4796600D64FD2 /* AkiraTextField.swift */ = {isa = PBXFileReference; fileEncoding = 4; lastKnownFileType = sourcecode.swift; path = AkiraTextField.swift; sourceTree = "<group>"; };
		9FB9F96222E4796600D64FD2 /* IsaoTextField.swift */ = {isa = PBXFileReference; fileEncoding = 4; lastKnownFileType = sourcecode.swift; path = IsaoTextField.swift; sourceTree = "<group>"; };
		9FBF4B0422BEADFD00E0D1AB /* Cartfile */ = {isa = PBXFileReference; lastKnownFileType = text; path = Cartfile; sourceTree = "<group>"; };
		9FC12F8D22BE61E300A111C8 /* RJPSLib.framework */ = {isa = PBXFileReference; explicitFileType = wrapper.framework; includeInIndex = 0; path = RJPSLib.framework; sourceTree = BUILT_PRODUCTS_DIR; };
		9FC12F9022BE61E300A111C8 /* RJPSLib.h */ = {isa = PBXFileReference; lastKnownFileType = sourcecode.c.h; path = RJPSLib.h; sourceTree = "<group>"; };
		9FC12F9122BE61E300A111C8 /* Info.plist */ = {isa = PBXFileReference; lastKnownFileType = text.plist.xml; path = Info.plist; sourceTree = "<group>"; };
		9FCF332122EF25B80074DAB9 /* .swiftlint.yml */ = {isa = PBXFileReference; lastKnownFileType = text; path = .swiftlint.yml; sourceTree = "<group>"; };
		9FDB9B6E22DB7CEC00D8D3B9 /* HerokuServer.swift */ = {isa = PBXFileReference; fileEncoding = 4; lastKnownFileType = sourcecode.swift; path = HerokuServer.swift; sourceTree = "<group>"; };
		9FDB9B7022DBC4C500D8D3B9 /* AES256CBC.swift */ = {isa = PBXFileReference; fileEncoding = 4; lastKnownFileType = sourcecode.swift; path = AES256CBC.swift; sourceTree = "<group>"; };
		9FDB9B7C22DBC98000D8D3B9 /* KeychainItemAccessibility.swift */ = {isa = PBXFileReference; fileEncoding = 4; lastKnownFileType = sourcecode.swift; path = KeychainItemAccessibility.swift; sourceTree = "<group>"; };
		9FDB9B7D22DBC98000D8D3B9 /* SwiftKeychainWrapper.h */ = {isa = PBXFileReference; fileEncoding = 4; lastKnownFileType = sourcecode.c.h; path = SwiftKeychainWrapper.h; sourceTree = "<group>"; };
		9FDB9B7E22DBC98000D8D3B9 /* KeychainWrapper.swift */ = {isa = PBXFileReference; fileEncoding = 4; lastKnownFileType = sourcecode.swift; path = KeychainWrapper.swift; sourceTree = "<group>"; };
		9FE0571B22E8B50800802747 /* Notes.txt */ = {isa = PBXFileReference; lastKnownFileType = text; path = Notes.txt; sourceTree = "<group>"; };
		D7174CFC235E0CE30023541E /* Media.xcassets */ = {isa = PBXFileReference; lastKnownFileType = folder.assetcatalog; path = Media.xcassets; sourceTree = "<group>"; };
		D741A32B2469B8FF000235E0 /* Storages+Files.swift */ = {isa = PBXFileReference; lastKnownFileType = sourcecode.swift; path = "Storages+Files.swift"; sourceTree = "<group>"; };
		D741A32D2469B953000235E0 /* Storages+KeyChain.swift */ = {isa = PBXFileReference; lastKnownFileType = sourcecode.swift; path = "Storages+KeyChain.swift"; sourceTree = "<group>"; };
		D741A32F2469B9BB000235E0 /* Storages+Cache.swift */ = {isa = PBXFileReference; lastKnownFileType = sourcecode.swift; path = "Storages+Cache.swift"; sourceTree = "<group>"; };
		D741A3312469B9D6000235E0 /* Storages+NSUserDefaults.swift */ = {isa = PBXFileReference; lastKnownFileType = sourcecode.swift; path = "Storages+NSUserDefaults.swift"; sourceTree = "<group>"; };
		D741A3332469BA4C000235E0 /* Storages+NSUserDefaultsStoredVarUtils.swift */ = {isa = PBXFileReference; lastKnownFileType = sourcecode.swift; path = "Storages+NSUserDefaultsStoredVarUtils.swift"; sourceTree = "<group>"; };
		D741A351246A0354000235E0 /* RJSLib.Sample copy-Info.plist */ = {isa = PBXFileReference; lastKnownFileType = text.plist.xml; name = "RJSLib.Sample copy-Info.plist"; path = "/Users/ricardosantos/Desktop/GitHub/RJPSLib/RJSLib.Sample copy-Info.plist"; sourceTree = "<absolute>"; };
		D741A353246A07CC000235E0 /* Dictionary+Extensions.swift */ = {isa = PBXFileReference; lastKnownFileType = sourcecode.swift; path = "Dictionary+Extensions.swift"; sourceTree = "<group>"; };
/* End PBXFileReference section */

/* Begin PBXFrameworksBuildPhase section */
		9F15CEFF22BF99AC00FB402A /* Frameworks */ = {
			isa = PBXFrameworksBuildPhase;
			buildActionMask = 2147483647;
			files = (
				9F56385D22CE586B008701A5 /* RJPSLib.framework in Frameworks */,
			);
			runOnlyForDeploymentPostprocessing = 0;
		};
		9F15CF1222BF99AD00FB402A /* Frameworks */ = {
			isa = PBXFrameworksBuildPhase;
			buildActionMask = 2147483647;
			files = (
			);
			runOnlyForDeploymentPostprocessing = 0;
		};
		9FC12F8A22BE61E300A111C8 /* Frameworks */ = {
			isa = PBXFrameworksBuildPhase;
			buildActionMask = 2147483647;
			files = (
			);
			runOnlyForDeploymentPostprocessing = 0;
		};
/* End PBXFrameworksBuildPhase section */

/* Begin PBXGroup section */
		9F15CF0322BF99AC00FB402A /* RJSLib.Sample */ = {
			isa = PBXGroup;
			children = (
				9F15CF0422BF99AC00FB402A /* AppDelegate.swift */,
				9FA8A00B22C216DD009EE8B5 /* App */,
				9FA8A00C22C2178C009EE8B5 /* Auxiliar */,
			);
			path = RJSLib.Sample;
			sourceTree = "<group>";
		};
		9F15CF1822BF99AD00FB402A /* RJSLib.SampleTests */ = {
			isa = PBXGroup;
			children = (
				9F15CF1922BF99AD00FB402A /* RJSLib_SampleTests.swift */,
				9F15CF1B22BF99AD00FB402A /* Info.plist */,
			);
			path = RJSLib.SampleTests;
			sourceTree = "<group>";
		};
		9F259F5922CB6D100084C9C5 /* Frameworks */ = {
			isa = PBXGroup;
			children = (
			);
			name = Frameworks;
			sourceTree = "<group>";
		};
		9F3EF63522BF93AB002D182E /* PublicCode */ = {
			isa = PBXGroup;
			children = (
				9FB9F95722E4796600D64FD2 /* TextFieldEffects */,
				9F69CB0622BE65C4008D305D /* AES256 */,
				9F69CB0122BE65C4008D305D /* KeychainWrapper */,
			);
			path = PublicCode;
			sourceTree = "<group>";
		};
		9F69CAA922BE6523008D305D /* RJSLib */ = {
			isa = PBXGroup;
			children = (
				9F69CAD122BE6523008D305D /* RJSLibraryExtension.swift */,
				9F69CAAA22BE6523008D305D /* typelias.swift */,
				9F69CAD222BE6523008D305D /* Constants.swift */,
				9F69CAAC22BE6523008D305D /* CoreData */,
				9F69CAAB22BE6523008D305D /* Managers */,
				D741A358246A0DD6000235E0 /* Storage */,
				9F69CAB222BE6523008D305D /* Utils */,
				9F69CABB22BE6523008D305D /* Extensions */,
				9F69CAD322BE6523008D305D /* Designables */,
				9F69CAD722BE6523008D305D /* NetworkClients */,
			);
			path = RJSLib;
			sourceTree = "<group>";
		};
		9F69CAAB22BE6523008D305D /* Managers */ = {
			isa = PBXGroup;
			children = (
				9F69CAAF22BE6523008D305D /* CoreDataManager.swift */,
				9F69CAB022BE6523008D305D /* PermissionsManager.swift */,
			);
			path = Managers;
			sourceTree = "<group>";
		};
		9F69CAAC22BE6523008D305D /* CoreData */ = {
			isa = PBXGroup;
			children = (
				9F69CAAD22BE6523008D305D /* RJS_DataModel.swift */,
			);
			path = CoreData;
			sourceTree = "<group>";
		};
		9F69CAB222BE6523008D305D /* Utils */ = {
			isa = PBXGroup;
			children = (
				9F69CAB522BE6523008D305D /* Convert.swift */,
				9F69CAB622BE6523008D305D /* SynchronizedArray.swift */,
				9F69CAB722BE6523008D305D /* RJSCronometer.swift */,
				9F69CAB822BE6523008D305D /* Logs.swift */,
				9F69CAB922BE6523008D305D /* Utils.swift */,
				9F69CABA22BE6523008D305D /* AppAndDeviceInfo.swift */,
			);
			path = Utils;
			sourceTree = "<group>";
		};
		9F69CABB22BE6523008D305D /* Extensions */ = {
			isa = PBXGroup;
			children = (
				9F69CABC22BE6523008D305D /* UIButton+Extensions.swift */,
				9F69CAC022BE6523008D305D /* String+Extensions.swift */,
				9F69CAC122BE6523008D305D /* UIColor+Extensions.swift */,
				9F69CAC222BE6523008D305D /* RangeReplaceableCollection+Extensions.swift */,
				9F56386122CE63DD008701A5 /* Array+Extensions.swift */,
				9F69CAC922BE6523008D305D /* DispatchQueue+Extensions.swift */,
				9F69CACC22BE6523008D305D /* NSObject+Extensions.swift */,
				9F69CACD22BE6523008D305D /* Date+Extensions.swift */,
				9F69CAC322BE6523008D305D /* UIView */,
				9F69CAC622BE6523008D305D /* UIImage|UIImageView */,
				9F69CACA22BE6523008D305D /* UIViewController */,
			);
			path = Extensions;
			sourceTree = "<group>";
		};
		9F69CAC322BE6523008D305D /* UIView */ = {
			isa = PBXGroup;
			children = (
				9F69CAC422BE6523008D305D /* RJSLib+UIView.swift */,
				9F69CAC522BE6523008D305D /* RJSLib+Layouts.swift */,
			);
			path = UIView;
			sourceTree = "<group>";
		};
		9F69CAC622BE6523008D305D /* UIImage|UIImageView */ = {
			isa = PBXGroup;
			children = (
				9F69CAC722BE6523008D305D /* RJSLib+UIImageView.swift */,
				9F69CAC822BE6523008D305D /* RJSLib+UIImage.swift */,
			);
			path = "UIImage|UIImageView";
			sourceTree = "<group>";
		};
		9F69CACA22BE6523008D305D /* UIViewController */ = {
			isa = PBXGroup;
			children = (
				9F69CACB22BE6523008D305D /* RJSLib+UIViewController.swift */,
			);
			path = UIViewController;
			sourceTree = "<group>";
		};
		9F69CAD322BE6523008D305D /* Designables */ = {
			isa = PBXGroup;
			children = (
				9FB9F95322E474A600D64FD2 /* Designables.swift */,
				9F69CAD422BE6523008D305D /* Designables+ActivityIndicator.swift */,
				9F69CAD522BE6523008D305D /* Designables+SearchBar.swift */,
				9FB9F95522E4769C00D64FD2 /* Designables+TextField.swift */,
			);
			path = Designables;
			sourceTree = "<group>";
		};
		9F69CAD722BE6523008D305D /* NetworkClients */ = {
			isa = PBXGroup;
			children = (
				D741A357246A0D1F000235E0 /* Heroku */,
				D741A356246A0D19000235E0 /* Simple */,
				D741A355246A0D10000235E0 /* Basic */,
			);
			path = NetworkClients;
			sourceTree = "<group>";
		};
		9F69CB0122BE65C4008D305D /* KeychainWrapper */ = {
			isa = PBXGroup;
			children = (
				9FDB9B7C22DBC98000D8D3B9 /* KeychainItemAccessibility.swift */,
				9FDB9B7E22DBC98000D8D3B9 /* KeychainWrapper.swift */,
				9FDB9B7D22DBC98000D8D3B9 /* SwiftKeychainWrapper.h */,
			);
			path = KeychainWrapper;
			sourceTree = "<group>";
		};
		9F69CB0622BE65C4008D305D /* AES256 */ = {
			isa = PBXGroup;
			children = (
				9FDB9B7022DBC4C500D8D3B9 /* AES256CBC.swift */,
			);
			path = AES256;
			sourceTree = "<group>";
		};
		9F6A80CB231EB5CE00910AE4 /* SwiftUI */ = {
			isa = PBXGroup;
			children = (
				9F6A80CF231EC08700910AE4 /* SampleA_SwiftUITesting.swift */,
				9F6A80CE231EC08700910AE4 /* SampleB_SwiftUITesting.swift */,
				9F6A80D0231EC08700910AE4 /* SampleC_SwiftUITesting.swift */,
			);
			path = SwiftUI;
			sourceTree = "<group>";
		};
		9FA89FF722C213BC009EE8B5 /* SampleUITestingA */ = {
			isa = PBXGroup;
			children = (
				9FA89FF922C213BC009EE8B5 /* SampleUITestingA_View.swift */,
			);
			path = SampleUITestingA;
			sourceTree = "<group>";
		};
		9FA8A00222C216B2009EE8B5 /* Auxiliar */ = {
			isa = PBXGroup;
			children = (
				9FA8A00622C216CE009EE8B5 /* typealias.swift */,
				9FA8A00322C216CE009EE8B5 /* GenericPresenter_Protocol.swift */,
				9FA8A00422C216CE009EE8B5 /* GenericView.swift */,
				9FA8A00522C216CE009EE8B5 /* AppConstants.swift */,
				9FA8A00D22C2180E009EE8B5 /* AppManagers+Factory.swift */,
			);
			path = Auxiliar;
			sourceTree = "<group>";
		};
		9FA8A00B22C216DD009EE8B5 /* App */ = {
			isa = PBXGroup;
			children = (
				9F6A80CB231EB5CE00910AE4 /* SwiftUI */,
				9FA8A00222C216B2009EE8B5 /* Auxiliar */,
				9FA89FF722C213BC009EE8B5 /* SampleUITestingA */,
			);
			path = App;
			sourceTree = "<group>";
		};
		9FA8A00C22C2178C009EE8B5 /* Auxiliar */ = {
			isa = PBXGroup;
			children = (
				9F15CF1022BF99AD00FB402A /* Info.plist */,
				9F15CF0822BF99AC00FB402A /* Main.storyboard */,
				9F15CF0D22BF99AD00FB402A /* LaunchScreen.storyboard */,
				9F15CF0B22BF99AD00FB402A /* Assets.xcassets */,
			);
			path = Auxiliar;
			sourceTree = "<group>";
		};
		9FB9F95722E4796600D64FD2 /* TextFieldEffects */ = {
			isa = PBXGroup;
			children = (
				9FB9F95822E4796600D64FD2 /* YoshikoTextField.swift */,
				9FB9F95A22E4796600D64FD2 /* HoshiTextField.swift */,
				9FB9F95B22E4796600D64FD2 /* MinoruTextField.swift */,
				9FB9F95C22E4796600D64FD2 /* YokoTextField.swift */,
				9FB9F95D22E4796600D64FD2 /* TextFieldEffects.swift */,
				9FB9F95E22E4796600D64FD2 /* JiroTextField.swift */,
				9FB9F95F22E4796600D64FD2 /* MadokaTextField.swift */,
				9FB9F96022E4796600D64FD2 /* KaedeTextField.swift */,
				9FB9F96122E4796600D64FD2 /* AkiraTextField.swift */,
				9FB9F96222E4796600D64FD2 /* IsaoTextField.swift */,
			);
			path = TextFieldEffects;
			sourceTree = "<group>";
		};
		9FC12F8322BE61E300A111C8 = {
			isa = PBXGroup;
			children = (
				D7174CFC235E0CE30023541E /* Media.xcassets */,
				9FC12F8F22BE61E300A111C8 /* RJPSLib */,
				9F15CF0322BF99AC00FB402A /* RJSLib.Sample */,
				9F15CF1822BF99AD00FB402A /* RJSLib.SampleTests */,
				9FC12F8E22BE61E300A111C8 /* Products */,
				9FBF4B0422BEADFD00E0D1AB /* Cartfile */,
				9FCF332122EF25B80074DAB9 /* .swiftlint.yml */,
				9F259F5922CB6D100084C9C5 /* Frameworks */,
				D741A351246A0354000235E0 /* RJSLib.Sample copy-Info.plist */,
			);
			sourceTree = "<group>";
		};
		9FC12F8E22BE61E300A111C8 /* Products */ = {
			isa = PBXGroup;
			children = (
				9FC12F8D22BE61E300A111C8 /* RJPSLib.framework */,
				9F15CF0222BF99AC00FB402A /* RJSLib.Sample.app */,
				9F15CF1522BF99AD00FB402A /* RJSLib.SampleTests.xctest */,
			);
			name = Products;
			sourceTree = "<group>";
		};
		9FC12F8F22BE61E300A111C8 /* RJPSLib */ = {
			isa = PBXGroup;
			children = (
				9FE0571B22E8B50800802747 /* Notes.txt */,
				9F69CAA922BE6523008D305D /* RJSLib */,
				9F3EF63522BF93AB002D182E /* PublicCode */,
				9FC12F9022BE61E300A111C8 /* RJPSLib.h */,
				9FC12F9122BE61E300A111C8 /* Info.plist */,
				9F3EF62422BF1100002D182E /* RJPSLibDataModel.xcdatamodeld */,
			);
			path = RJPSLib;
			sourceTree = "<group>";
		};
		D741A352246A0797000235E0 /* Extensions */ = {
			isa = PBXGroup;
			children = (
				9F6BB2C222E33F7800829A6F /* CharacterSet+Extension.swift */,
				D741A353246A07CC000235E0 /* Dictionary+Extensions.swift */,
			);
			path = Extensions;
			sourceTree = "<group>";
		};
		D741A355246A0D10000235E0 /* Basic */ = {
			isa = PBXGroup;
			children = (
				9F69CAAE22BE6523008D305D /* SimpleNetworkClient.swift */,
			);
			path = Basic;
			sourceTree = "<group>";
		};
		D741A356246A0D19000235E0 /* Simple */ = {
			isa = PBXGroup;
			children = (
				D741A352246A0797000235E0 /* Extensions */,
				9F69CAD922BE6523008D305D /* NetworkClientErrorsManager.swift */,
				9F69CAD822BE6523008D305D /* NetworkClientResponse.swift */,
				9F69CADA22BE6523008D305D /* NetworkClient.swift */,
			);
			path = Simple;
			sourceTree = "<group>";
		};
		D741A357246A0D1F000235E0 /* Heroku */ = {
			isa = PBXGroup;
			children = (
				9FDB9B6E22DB7CEC00D8D3B9 /* HerokuServer.swift */,
			);
			path = Heroku;
			sourceTree = "<group>";
		};
		D741A358246A0DD6000235E0 /* Storage */ = {
			isa = PBXGroup;
			children = (
				9F69CAB422BE6523008D305D /* Storages.swift */,
				D741A32B2469B8FF000235E0 /* Storages+Files.swift */,
				D741A32D2469B953000235E0 /* Storages+KeyChain.swift */,
				D741A3332469BA4C000235E0 /* Storages+NSUserDefaultsStoredVarUtils.swift */,
				D741A32F2469B9BB000235E0 /* Storages+Cache.swift */,
				D741A3312469B9D6000235E0 /* Storages+NSUserDefaults.swift */,
			);
			path = Storage;
			sourceTree = "<group>";
		};
/* End PBXGroup section */

/* Begin PBXHeadersBuildPhase section */
		9FC12F8822BE61E300A111C8 /* Headers */ = {
			isa = PBXHeadersBuildPhase;
			buildActionMask = 2147483647;
			files = (
				9FDB9B8022DBC98000D8D3B9 /* SwiftKeychainWrapper.h in Headers */,
				9FC12F9222BE61E300A111C8 /* RJPSLib.h in Headers */,
			);
			runOnlyForDeploymentPostprocessing = 0;
		};
/* End PBXHeadersBuildPhase section */

/* Begin PBXNativeTarget section */
		9F15CF0122BF99AC00FB402A /* RJSLib.Sample */ = {
			isa = PBXNativeTarget;
			buildConfigurationList = 9F15CF2022BF99AD00FB402A /* Build configuration list for PBXNativeTarget "RJSLib.Sample" */;
			buildPhases = (
				9F15CEFE22BF99AC00FB402A /* Sources */,
				9F15CEFF22BF99AC00FB402A /* Frameworks */,
				9F15CF0022BF99AC00FB402A /* Resources */,
				9FCF332022EF25910074DAB9 /* ShellScript */,
			);
			buildRules = (
			);
			dependencies = (
			);
			name = RJSLib.Sample;
			productName = RJSLib.Sample;
			productReference = 9F15CF0222BF99AC00FB402A /* RJSLib.Sample.app */;
			productType = "com.apple.product-type.application";
		};
		9F15CF1422BF99AD00FB402A /* RJSLib.SampleTests */ = {
			isa = PBXNativeTarget;
			buildConfigurationList = 9F15CF2122BF99AD00FB402A /* Build configuration list for PBXNativeTarget "RJSLib.SampleTests" */;
			buildPhases = (
				9F15CF1122BF99AD00FB402A /* Sources */,
				9F15CF1222BF99AD00FB402A /* Frameworks */,
				9F15CF1322BF99AD00FB402A /* Resources */,
			);
			buildRules = (
			);
			dependencies = (
				9F15CF1722BF99AD00FB402A /* PBXTargetDependency */,
			);
			name = RJSLib.SampleTests;
			productName = RJSLib.SampleTests;
			productReference = 9F15CF1522BF99AD00FB402A /* RJSLib.SampleTests.xctest */;
			productType = "com.apple.product-type.bundle.unit-test";
		};
		9FC12F8C22BE61E300A111C8 /* RJPSLib */ = {
			isa = PBXNativeTarget;
			buildConfigurationList = 9FC12F9522BE61E300A111C8 /* Build configuration list for PBXNativeTarget "RJPSLib" */;
			buildPhases = (
				9FC12F8822BE61E300A111C8 /* Headers */,
				9FC12F8922BE61E300A111C8 /* Sources */,
				9FC12F8A22BE61E300A111C8 /* Frameworks */,
				9FC12F8B22BE61E300A111C8 /* Resources */,
				9F7CE25A22CE11F400B1AC31 /* ShellScript */,
				9FCF331F22EF25740074DAB9 /* ShellScript */,
				D741A359246A119E000235E0 /* ShellScript */,
			);
			buildRules = (
			);
			dependencies = (
			);
			name = RJPSLib;
			productName = RJPSLib;
			productReference = 9FC12F8D22BE61E300A111C8 /* RJPSLib.framework */;
			productType = "com.apple.product-type.framework";
		};
/* End PBXNativeTarget section */

/* Begin PBXProject section */
		9FC12F8422BE61E300A111C8 /* Project object */ = {
			isa = PBXProject;
			attributes = {
				LastSwiftUpdateCheck = 1010;
				LastUpgradeCheck = 1100;
				ORGANIZATIONNAME = "Ricardo P Santos";
				TargetAttributes = {
					9F15CF0122BF99AC00FB402A = {
						CreatedOnToolsVersion = 10.1;
						LastSwiftMigration = 1020;
					};
					9F15CF1422BF99AD00FB402A = {
						CreatedOnToolsVersion = 10.1;
						LastSwiftMigration = 1020;
						TestTargetID = 9F15CF0122BF99AC00FB402A;
					};
					9FC12F8C22BE61E300A111C8 = {
						CreatedOnToolsVersion = 10.1;
						LastSwiftMigration = 1020;
					};
				};
			};
			buildConfigurationList = 9FC12F8722BE61E300A111C8 /* Build configuration list for PBXProject "RJPSLib" */;
			compatibilityVersion = "Xcode 9.3";
			developmentRegion = en;
			hasScannedForEncodings = 0;
			knownRegions = (
				en,
				Base,
			);
			mainGroup = 9FC12F8322BE61E300A111C8;
			productRefGroup = 9FC12F8E22BE61E300A111C8 /* Products */;
			projectDirPath = "";
			projectRoot = "";
			targets = (
				9FC12F8C22BE61E300A111C8 /* RJPSLib */,
				9F15CF0122BF99AC00FB402A /* RJSLib.Sample */,
				9F15CF1422BF99AD00FB402A /* RJSLib.SampleTests */,
			);
		};
/* End PBXProject section */

/* Begin PBXResourcesBuildPhase section */
		9F15CF0022BF99AC00FB402A /* Resources */ = {
			isa = PBXResourcesBuildPhase;
			buildActionMask = 2147483647;
			files = (
				9F15CF0F22BF99AD00FB402A /* LaunchScreen.storyboard in Resources */,
				9F15CF0C22BF99AD00FB402A /* Assets.xcassets in Resources */,
				D7174CFD235E0CE30023541E /* Media.xcassets in Resources */,
				9F15CF0A22BF99AC00FB402A /* Main.storyboard in Resources */,
			);
			runOnlyForDeploymentPostprocessing = 0;
		};
		9F15CF1322BF99AD00FB402A /* Resources */ = {
			isa = PBXResourcesBuildPhase;
			buildActionMask = 2147483647;
			files = (
			);
			runOnlyForDeploymentPostprocessing = 0;
		};
		9FC12F8B22BE61E300A111C8 /* Resources */ = {
			isa = PBXResourcesBuildPhase;
			buildActionMask = 2147483647;
			files = (
			);
			runOnlyForDeploymentPostprocessing = 0;
		};
/* End PBXResourcesBuildPhase section */

/* Begin PBXShellScriptBuildPhase section */
		9F7CE25A22CE11F400B1AC31 /* ShellScript */ = {
			isa = PBXShellScriptBuildPhase;
			buildActionMask = 2147483647;
			files = (
			);
			inputFileListPaths = (
			);
			inputPaths = (
			);
			outputFileListPaths = (
			);
			outputPaths = (
			);
			runOnlyForDeploymentPostprocessing = 0;
			shellPath = /bin/sh;
			shellScript = "/usr/local/bin/carthage copy-frameworks\n\nexit\n";
		};
		9FCF331F22EF25740074DAB9 /* ShellScript */ = {
			isa = PBXShellScriptBuildPhase;
			buildActionMask = 2147483647;
			files = (
			);
			inputFileListPaths = (
			);
			inputPaths = (
			);
			outputFileListPaths = (
			);
			outputPaths = (
			);
			runOnlyForDeploymentPostprocessing = 0;
			shellPath = /bin/sh;
			shellScript = "if which swiftlint >/dev/null; then\n    echo \"will lint? un comment! next line\"\n    swiftlint\nelse\n    echo \"warning: SwiftLint not installed, download from https://github.com/realm/SwiftLint\"\nfi\n";
		};
		9FCF332022EF25910074DAB9 /* ShellScript */ = {
			isa = PBXShellScriptBuildPhase;
			buildActionMask = 2147483647;
			files = (
			);
			inputFileListPaths = (
			);
			inputPaths = (
			);
			outputFileListPaths = (
			);
			outputPaths = (
			);
			runOnlyForDeploymentPostprocessing = 0;
			shellPath = /bin/sh;
			shellScript = "if which swiftlint >/dev/null; then\n    echo \"will lint? un comment! next line\"\n    swiftlint\nelse\n    echo \"warning: SwiftLint not installed, download from https://github.com/realm/SwiftLint\"\nfi\n";
		};
		D741A359246A119E000235E0 /* ShellScript */ = {
			isa = PBXShellScriptBuildPhase;
			buildActionMask = 2147483647;
			files = (
			);
			inputFileListPaths = (
			);
			inputPaths = (
			);
			outputFileListPaths = (
			);
			outputPaths = (
			);
			runOnlyForDeploymentPostprocessing = 0;
			shellPath = /bin/sh;
			shellScript = "#buildNumber=$(/usr/libexec/PlistBuddy -c \"Print CFBundleVersion\" \"$INFOPLIST_FILE\")\n#buildNumber=$(($buildNumber + 1))\n#/usr/libexec/PlistBuddy -c \"Set :CFBundleVersion $buildNumber\" \"$INFOPLIST_FILE\"\n\nexit\n";
		};
/* End PBXShellScriptBuildPhase section */

/* Begin PBXSourcesBuildPhase section */
		9F15CEFE22BF99AC00FB402A /* Sources */ = {
			isa = PBXSourcesBuildPhase;
			buildActionMask = 2147483647;
			files = (
				9F6A80D2231EC08700910AE4 /* SampleA_SwiftUITesting.swift in Sources */,
				9FA8A00E22C2180E009EE8B5 /* AppManagers+Factory.swift in Sources */,
				9FA8A00922C216CE009EE8B5 /* AppConstants.swift in Sources */,
				9F15CF0522BF99AC00FB402A /* AppDelegate.swift in Sources */,
				9F6A80D1231EC08700910AE4 /* SampleB_SwiftUITesting.swift in Sources */,
				9FA89FFE22C213BC009EE8B5 /* SampleUITestingA_View.swift in Sources */,
				9FA8A00822C216CE009EE8B5 /* GenericView.swift in Sources */,
				9F6A80D3231EC08700910AE4 /* SampleC_SwiftUITesting.swift in Sources */,
				9FA8A00A22C216CE009EE8B5 /* typealias.swift in Sources */,
				9FA8A00722C216CE009EE8B5 /* GenericPresenter_Protocol.swift in Sources */,
			);
			runOnlyForDeploymentPostprocessing = 0;
		};
		9F15CF1122BF99AD00FB402A /* Sources */ = {
			isa = PBXSourcesBuildPhase;
			buildActionMask = 2147483647;
			files = (
				9F15CF1A22BF99AD00FB402A /* RJSLib_SampleTests.swift in Sources */,
			);
			runOnlyForDeploymentPostprocessing = 0;
		};
		9FC12F8922BE61E300A111C8 /* Sources */ = {
			isa = PBXSourcesBuildPhase;
			buildActionMask = 2147483647;
			files = (
				9F3EF62622BF1100002D182E /* RJPSLibDataModel.xcdatamodeld in Sources */,
				9F6BB2C322E33F7800829A6F /* CharacterSet+Extension.swift in Sources */,
				D741A354246A07CC000235E0 /* Dictionary+Extensions.swift in Sources */,
				9F69CAFE22BE6523008D305D /* NetworkClientResponse.swift in Sources */,
				9F69CADF22BE6523008D305D /* PermissionsManager.swift in Sources */,
				D741A3302469B9BB000235E0 /* Storages+Cache.swift in Sources */,
				9F69CB0022BE6523008D305D /* NetworkClient.swift in Sources */,
				9FB9F95622E4769C00D64FD2 /* Designables+TextField.swift in Sources */,
				9FB9F96822E4796600D64FD2 /* YokoTextField.swift in Sources */,
				9FDB9B7F22DBC98000D8D3B9 /* KeychainItemAccessibility.swift in Sources */,
				D741A32C2469B8FF000235E0 /* Storages+Files.swift in Sources */,
				D741A32E2469B953000235E0 /* Storages+KeyChain.swift in Sources */,
				9F69CAE322BE6523008D305D /* Convert.swift in Sources */,
				9F69CAE222BE6523008D305D /* Storages.swift in Sources */,
				9F69CADC22BE6523008D305D /* RJS_DataModel.swift in Sources */,
				9F69CAE922BE6523008D305D /* UIButton+Extensions.swift in Sources */,
				9FB9F96E22E4796600D64FD2 /* IsaoTextField.swift in Sources */,
				9F69CAFF22BE6523008D305D /* NetworkClientErrorsManager.swift in Sources */,
				9F69CAED22BE6523008D305D /* UIColor+Extensions.swift in Sources */,
				9F69CADD22BE6523008D305D /* SimpleNetworkClient.swift in Sources */,
				9FB9F96622E4796600D64FD2 /* HoshiTextField.swift in Sources */,
				9F69CAF322BE6523008D305D /* DispatchQueue+Extensions.swift in Sources */,
				9F69CAE522BE6523008D305D /* RJSCronometer.swift in Sources */,
				9F69CAF622BE6523008D305D /* Date+Extensions.swift in Sources */,
				9F69CAFC22BE6523008D305D /* Designables+SearchBar.swift in Sources */,
				9F69CAF922BE6523008D305D /* RJSLibraryExtension.swift in Sources */,
				9FB9F96D22E4796600D64FD2 /* AkiraTextField.swift in Sources */,
				9FB9F96922E4796600D64FD2 /* TextFieldEffects.swift in Sources */,
				9F69CAF122BE6523008D305D /* RJSLib+UIImageView.swift in Sources */,
				9FB9F96A22E4796600D64FD2 /* JiroTextField.swift in Sources */,
				9F69CAEF22BE6523008D305D /* RJSLib+UIView.swift in Sources */,
				9FB9F96C22E4796600D64FD2 /* KaedeTextField.swift in Sources */,
				9F69CAF522BE6523008D305D /* NSObject+Extensions.swift in Sources */,
				9F69CADE22BE6523008D305D /* CoreDataManager.swift in Sources */,
				9FDB9B6F22DB7CEC00D8D3B9 /* HerokuServer.swift in Sources */,
				9F69CAE822BE6523008D305D /* AppAndDeviceInfo.swift in Sources */,
				9F69CAFB22BE6523008D305D /* Designables+ActivityIndicator.swift in Sources */,
				9FB9F96B22E4796600D64FD2 /* MadokaTextField.swift in Sources */,
				9F69CADB22BE6523008D305D /* typelias.swift in Sources */,
				D741A3342469BA4C000235E0 /* Storages+NSUserDefaultsStoredVarUtils.swift in Sources */,
				9FDB9B7522DBC8EA00D8D3B9 /* AES256CBC.swift in Sources */,
				9F56386222CE63DD008701A5 /* Array+Extensions.swift in Sources */,
				9F69CAF222BE6523008D305D /* RJSLib+UIImage.swift in Sources */,
				D741A3322469B9D6000235E0 /* Storages+NSUserDefaults.swift in Sources */,
				9FB9F96722E4796600D64FD2 /* MinoruTextField.swift in Sources */,
				9FB9F96422E4796600D64FD2 /* YoshikoTextField.swift in Sources */,
				9F69CAEC22BE6523008D305D /* String+Extensions.swift in Sources */,
				9F69CAF022BE6523008D305D /* RJSLib+Layouts.swift in Sources */,
				9F69CAEE22BE6523008D305D /* RangeReplaceableCollection+Extensions.swift in Sources */,
				9FDB9B8122DBC98000D8D3B9 /* KeychainWrapper.swift in Sources */,
				9F69CAF422BE6523008D305D /* RJSLib+UIViewController.swift in Sources */,
				9F69CAFA22BE6523008D305D /* Constants.swift in Sources */,
				9FB9F95422E474A600D64FD2 /* Designables.swift in Sources */,
				9F69CAE622BE6523008D305D /* Logs.swift in Sources */,
				9F69CAE422BE6523008D305D /* SynchronizedArray.swift in Sources */,
				9F69CAE722BE6523008D305D /* Utils.swift in Sources */,
			);
			runOnlyForDeploymentPostprocessing = 0;
		};
/* End PBXSourcesBuildPhase section */

/* Begin PBXTargetDependency section */
		9F15CF1722BF99AD00FB402A /* PBXTargetDependency */ = {
			isa = PBXTargetDependency;
			target = 9F15CF0122BF99AC00FB402A /* RJSLib.Sample */;
			targetProxy = 9F15CF1622BF99AD00FB402A /* PBXContainerItemProxy */;
		};
/* End PBXTargetDependency section */

/* Begin PBXVariantGroup section */
		9F15CF0822BF99AC00FB402A /* Main.storyboard */ = {
			isa = PBXVariantGroup;
			children = (
				9F15CF0922BF99AC00FB402A /* Base */,
			);
			name = Main.storyboard;
			sourceTree = "<group>";
		};
		9F15CF0D22BF99AD00FB402A /* LaunchScreen.storyboard */ = {
			isa = PBXVariantGroup;
			children = (
				9F15CF0E22BF99AD00FB402A /* Base */,
			);
			name = LaunchScreen.storyboard;
			sourceTree = "<group>";
		};
/* End PBXVariantGroup section */

/* Begin XCBuildConfiguration section */
		9F15CF1C22BF99AD00FB402A /* Debug */ = {
			isa = XCBuildConfiguration;
			buildSettings = {
				ASSETCATALOG_COMPILER_APPICON_NAME = AppIcon;
				CODE_SIGN_IDENTITY = "iPhone Developer";
				CODE_SIGN_STYLE = Automatic;
				DEVELOPMENT_TEAM = GGAW967XXE;
				FRAMEWORK_SEARCH_PATHS = "$(inherited)";
				INFOPLIST_FILE = "$(SRCROOT)/RJSLib.Sample/Auxiliar/Info.plist";
				IPHONEOS_DEPLOYMENT_TARGET = 13.0;
				LD_RUNPATH_SEARCH_PATHS = (
					"$(inherited)",
					"@executable_path/Frameworks",
				);
				MARKETING_VERSION = 1.1;
				PRODUCT_BUNDLE_IDENTIFIER = "RJPS.RJSLib-Sample";
				PRODUCT_NAME = "$(TARGET_NAME)";
				PROVISIONING_PROFILE_SPECIFIER = "";
				SWIFT_VERSION = 5.0;
				TARGETED_DEVICE_FAMILY = "1,2";
			};
			name = Debug;
		};
		9F15CF1D22BF99AD00FB402A /* Release */ = {
			isa = XCBuildConfiguration;
			buildSettings = {
				ASSETCATALOG_COMPILER_APPICON_NAME = AppIcon;
				CODE_SIGN_IDENTITY = "iPhone Developer";
				CODE_SIGN_STYLE = Automatic;
				DEVELOPMENT_TEAM = GGAW967XXE;
				FRAMEWORK_SEARCH_PATHS = "$(inherited)";
				INFOPLIST_FILE = "$(SRCROOT)/RJSLib.Sample/Auxiliar/Info.plist";
				IPHONEOS_DEPLOYMENT_TARGET = 13.0;
				LD_RUNPATH_SEARCH_PATHS = (
					"$(inherited)",
					"@executable_path/Frameworks",
				);
				MARKETING_VERSION = 1.1;
				PRODUCT_BUNDLE_IDENTIFIER = "RJPS.RJSLib-Sample";
				PRODUCT_NAME = "$(TARGET_NAME)";
				PROVISIONING_PROFILE_SPECIFIER = "";
				SWIFT_VERSION = 5.0;
				TARGETED_DEVICE_FAMILY = "1,2";
			};
			name = Release;
		};
		9F15CF1E22BF99AD00FB402A /* Debug */ = {
			isa = XCBuildConfiguration;
			buildSettings = {
				ALWAYS_EMBED_SWIFT_STANDARD_LIBRARIES = YES;
				BUNDLE_LOADER = "$(TEST_HOST)";
				CODE_SIGN_STYLE = Manual;
				DEVELOPMENT_TEAM = "";
				INFOPLIST_FILE = RJSLib.SampleTests/Info.plist;
				IPHONEOS_DEPLOYMENT_TARGET = 10.0;
				LD_RUNPATH_SEARCH_PATHS = (
					"$(inherited)",
					"@executable_path/Frameworks",
					"@loader_path/Frameworks",
				);
				PRODUCT_BUNDLE_IDENTIFIER = "RJPS.RJSLib-SampleTests";
				PRODUCT_NAME = "$(TARGET_NAME)";
				PROVISIONING_PROFILE_SPECIFIER = "";
				SWIFT_VERSION = 5.0;
				TARGETED_DEVICE_FAMILY = "1,2";
				TEST_HOST = "$(BUILT_PRODUCTS_DIR)/RJSLib.Sample.app/RJSLib.Sample";
			};
			name = Debug;
		};
		9F15CF1F22BF99AD00FB402A /* Release */ = {
			isa = XCBuildConfiguration;
			buildSettings = {
				ALWAYS_EMBED_SWIFT_STANDARD_LIBRARIES = YES;
				BUNDLE_LOADER = "$(TEST_HOST)";
				CODE_SIGN_STYLE = Manual;
				DEVELOPMENT_TEAM = "";
				INFOPLIST_FILE = RJSLib.SampleTests/Info.plist;
				IPHONEOS_DEPLOYMENT_TARGET = 10.0;
				LD_RUNPATH_SEARCH_PATHS = (
					"$(inherited)",
					"@executable_path/Frameworks",
					"@loader_path/Frameworks",
				);
				PRODUCT_BUNDLE_IDENTIFIER = "RJPS.RJSLib-SampleTests";
				PRODUCT_NAME = "$(TARGET_NAME)";
				PROVISIONING_PROFILE_SPECIFIER = "";
				SWIFT_VERSION = 5.0;
				TARGETED_DEVICE_FAMILY = "1,2";
				TEST_HOST = "$(BUILT_PRODUCTS_DIR)/RJSLib.Sample.app/RJSLib.Sample";
			};
			name = Release;
		};
		9FC12F9322BE61E300A111C8 /* Debug */ = {
			isa = XCBuildConfiguration;
			buildSettings = {
				ALWAYS_SEARCH_USER_PATHS = NO;
				CLANG_ANALYZER_NONNULL = YES;
				CLANG_ANALYZER_NUMBER_OBJECT_CONVERSION = YES_AGGRESSIVE;
				CLANG_CXX_LANGUAGE_STANDARD = "gnu++14";
				CLANG_CXX_LIBRARY = "libc++";
				CLANG_ENABLE_MODULES = YES;
				CLANG_ENABLE_OBJC_ARC = YES;
				CLANG_ENABLE_OBJC_WEAK = YES;
				CLANG_WARN_BLOCK_CAPTURE_AUTORELEASING = YES;
				CLANG_WARN_BOOL_CONVERSION = YES;
				CLANG_WARN_COMMA = YES;
				CLANG_WARN_CONSTANT_CONVERSION = YES;
				CLANG_WARN_DEPRECATED_OBJC_IMPLEMENTATIONS = YES;
				CLANG_WARN_DIRECT_OBJC_ISA_USAGE = YES_ERROR;
				CLANG_WARN_DOCUMENTATION_COMMENTS = YES;
				CLANG_WARN_EMPTY_BODY = YES;
				CLANG_WARN_ENUM_CONVERSION = YES;
				CLANG_WARN_INFINITE_RECURSION = YES;
				CLANG_WARN_INT_CONVERSION = YES;
				CLANG_WARN_NON_LITERAL_NULL_CONVERSION = YES;
				CLANG_WARN_OBJC_IMPLICIT_RETAIN_SELF = YES;
				CLANG_WARN_OBJC_LITERAL_CONVERSION = YES;
				CLANG_WARN_OBJC_ROOT_CLASS = YES_ERROR;
				CLANG_WARN_RANGE_LOOP_ANALYSIS = YES;
				CLANG_WARN_STRICT_PROTOTYPES = YES;
				CLANG_WARN_SUSPICIOUS_MOVE = YES;
				CLANG_WARN_UNGUARDED_AVAILABILITY = YES_AGGRESSIVE;
				CLANG_WARN_UNREACHABLE_CODE = YES;
				CLANG_WARN__DUPLICATE_METHOD_MATCH = YES;
				CODE_SIGN_IDENTITY = "iPhone Developer";
				COPY_PHASE_STRIP = NO;
				CURRENT_PROJECT_VERSION = 1;
				DEBUG_INFORMATION_FORMAT = dwarf;
				ENABLE_STRICT_OBJC_MSGSEND = YES;
				ENABLE_TESTABILITY = YES;
				GCC_C_LANGUAGE_STANDARD = gnu11;
				GCC_DYNAMIC_NO_PIC = NO;
				GCC_NO_COMMON_BLOCKS = YES;
				GCC_OPTIMIZATION_LEVEL = 0;
				GCC_PREPROCESSOR_DEFINITIONS = (
					"DEBUG=1",
					"$(inherited)",
				);
				GCC_WARN_64_TO_32_BIT_CONVERSION = YES;
				GCC_WARN_ABOUT_RETURN_TYPE = YES_ERROR;
				GCC_WARN_UNDECLARED_SELECTOR = YES;
				GCC_WARN_UNINITIALIZED_AUTOS = YES_AGGRESSIVE;
				GCC_WARN_UNUSED_FUNCTION = YES;
				GCC_WARN_UNUSED_VARIABLE = YES;
				IPHONEOS_DEPLOYMENT_TARGET = 10.0;
				MTL_ENABLE_DEBUG_INFO = INCLUDE_SOURCE;
				MTL_FAST_MATH = YES;
				ONLY_ACTIVE_ARCH = YES;
				SDKROOT = iphoneos;
				SWIFT_ACTIVE_COMPILATION_CONDITIONS = DEBUG;
				SWIFT_OPTIMIZATION_LEVEL = "-Onone";
				SWIFT_VERSION = "";
				VERSIONING_SYSTEM = "apple-generic";
				VERSION_INFO_PREFIX = "";
			};
			name = Debug;
		};
		9FC12F9422BE61E300A111C8 /* Release */ = {
			isa = XCBuildConfiguration;
			buildSettings = {
				ALWAYS_SEARCH_USER_PATHS = NO;
				CLANG_ANALYZER_NONNULL = YES;
				CLANG_ANALYZER_NUMBER_OBJECT_CONVERSION = YES_AGGRESSIVE;
				CLANG_CXX_LANGUAGE_STANDARD = "gnu++14";
				CLANG_CXX_LIBRARY = "libc++";
				CLANG_ENABLE_MODULES = YES;
				CLANG_ENABLE_OBJC_ARC = YES;
				CLANG_ENABLE_OBJC_WEAK = YES;
				CLANG_WARN_BLOCK_CAPTURE_AUTORELEASING = YES;
				CLANG_WARN_BOOL_CONVERSION = YES;
				CLANG_WARN_COMMA = YES;
				CLANG_WARN_CONSTANT_CONVERSION = YES;
				CLANG_WARN_DEPRECATED_OBJC_IMPLEMENTATIONS = YES;
				CLANG_WARN_DIRECT_OBJC_ISA_USAGE = YES_ERROR;
				CLANG_WARN_DOCUMENTATION_COMMENTS = YES;
				CLANG_WARN_EMPTY_BODY = YES;
				CLANG_WARN_ENUM_CONVERSION = YES;
				CLANG_WARN_INFINITE_RECURSION = YES;
				CLANG_WARN_INT_CONVERSION = YES;
				CLANG_WARN_NON_LITERAL_NULL_CONVERSION = YES;
				CLANG_WARN_OBJC_IMPLICIT_RETAIN_SELF = YES;
				CLANG_WARN_OBJC_LITERAL_CONVERSION = YES;
				CLANG_WARN_OBJC_ROOT_CLASS = YES_ERROR;
				CLANG_WARN_RANGE_LOOP_ANALYSIS = YES;
				CLANG_WARN_STRICT_PROTOTYPES = YES;
				CLANG_WARN_SUSPICIOUS_MOVE = YES;
				CLANG_WARN_UNGUARDED_AVAILABILITY = YES_AGGRESSIVE;
				CLANG_WARN_UNREACHABLE_CODE = YES;
				CLANG_WARN__DUPLICATE_METHOD_MATCH = YES;
				CODE_SIGN_IDENTITY = "iPhone Developer";
				COPY_PHASE_STRIP = NO;
				CURRENT_PROJECT_VERSION = 1;
				DEBUG_INFORMATION_FORMAT = "dwarf-with-dsym";
				ENABLE_NS_ASSERTIONS = NO;
				ENABLE_STRICT_OBJC_MSGSEND = YES;
				GCC_C_LANGUAGE_STANDARD = gnu11;
				GCC_NO_COMMON_BLOCKS = YES;
				GCC_WARN_64_TO_32_BIT_CONVERSION = YES;
				GCC_WARN_ABOUT_RETURN_TYPE = YES_ERROR;
				GCC_WARN_UNDECLARED_SELECTOR = YES;
				GCC_WARN_UNINITIALIZED_AUTOS = YES_AGGRESSIVE;
				GCC_WARN_UNUSED_FUNCTION = YES;
				GCC_WARN_UNUSED_VARIABLE = YES;
				IPHONEOS_DEPLOYMENT_TARGET = 10.0;
				MTL_ENABLE_DEBUG_INFO = NO;
				MTL_FAST_MATH = YES;
				SDKROOT = iphoneos;
				SWIFT_COMPILATION_MODE = wholemodule;
				SWIFT_OPTIMIZATION_LEVEL = "-O";
				SWIFT_VERSION = "";
				VALIDATE_PRODUCT = YES;
				VERSIONING_SYSTEM = "apple-generic";
				VERSION_INFO_PREFIX = "";
			};
			name = Release;
		};
		9FC12F9622BE61E300A111C8 /* Debug */ = {
			isa = XCBuildConfiguration;
			buildSettings = {
				CODE_SIGN_IDENTITY = "";
				CODE_SIGN_STYLE = Manual;
				DEFINES_MODULE = YES;
				DEVELOPMENT_TEAM = "";
				DYLIB_COMPATIBILITY_VERSION = 1;
				DYLIB_CURRENT_VERSION = 1;
				DYLIB_INSTALL_NAME_BASE = "@rpath";
				FRAMEWORK_SEARCH_PATHS = "$(inherited)";
				INFOPLIST_FILE = RJPSLib/Info.plist;
				INSTALL_PATH = "$(LOCAL_LIBRARY_DIR)/Frameworks";
				IPHONEOS_DEPLOYMENT_TARGET = 10.0;
				LD_RUNPATH_SEARCH_PATHS = (
					"$(inherited)",
					"@executable_path/Frameworks",
					"@loader_path/Frameworks",
				);
				MARKETING_VERSION = 1.1;
				PRODUCT_BUNDLE_IDENTIFIER = RJPS.RJPSLib;
				PRODUCT_NAME = "$(TARGET_NAME:c99extidentifier)";
				PROVISIONING_PROFILE_SPECIFIER = "";
				SKIP_INSTALL = YES;
				SWIFT_VERSION = 5.0;
				TARGETED_DEVICE_FAMILY = "1,2";
			};
			name = Debug;
		};
		9FC12F9722BE61E300A111C8 /* Release */ = {
			isa = XCBuildConfiguration;
			buildSettings = {
				CODE_SIGN_IDENTITY = "";
				CODE_SIGN_STYLE = Manual;
				DEFINES_MODULE = YES;
				DEVELOPMENT_TEAM = "";
				DYLIB_COMPATIBILITY_VERSION = 1;
				DYLIB_CURRENT_VERSION = 1;
				DYLIB_INSTALL_NAME_BASE = "@rpath";
				FRAMEWORK_SEARCH_PATHS = "$(inherited)";
				INFOPLIST_FILE = RJPSLib/Info.plist;
				INSTALL_PATH = "$(LOCAL_LIBRARY_DIR)/Frameworks";
				IPHONEOS_DEPLOYMENT_TARGET = 10.0;
				LD_RUNPATH_SEARCH_PATHS = (
					"$(inherited)",
					"@executable_path/Frameworks",
					"@loader_path/Frameworks",
				);
				MARKETING_VERSION = 1.1;
				PRODUCT_BUNDLE_IDENTIFIER = RJPS.RJPSLib;
				PRODUCT_NAME = "$(TARGET_NAME:c99extidentifier)";
				PROVISIONING_PROFILE_SPECIFIER = "";
				SKIP_INSTALL = YES;
				SWIFT_VERSION = 5.0;
				TARGETED_DEVICE_FAMILY = "1,2";
			};
			name = Release;
		};
/* End XCBuildConfiguration section */

/* Begin XCConfigurationList section */
		9F15CF2022BF99AD00FB402A /* Build configuration list for PBXNativeTarget "RJSLib.Sample" */ = {
			isa = XCConfigurationList;
			buildConfigurations = (
				9F15CF1C22BF99AD00FB402A /* Debug */,
				9F15CF1D22BF99AD00FB402A /* Release */,
			);
			defaultConfigurationIsVisible = 0;
			defaultConfigurationName = Release;
		};
		9F15CF2122BF99AD00FB402A /* Build configuration list for PBXNativeTarget "RJSLib.SampleTests" */ = {
			isa = XCConfigurationList;
			buildConfigurations = (
				9F15CF1E22BF99AD00FB402A /* Debug */,
				9F15CF1F22BF99AD00FB402A /* Release */,
			);
			defaultConfigurationIsVisible = 0;
			defaultConfigurationName = Release;
		};
		9FC12F8722BE61E300A111C8 /* Build configuration list for PBXProject "RJPSLib" */ = {
			isa = XCConfigurationList;
			buildConfigurations = (
				9FC12F9322BE61E300A111C8 /* Debug */,
				9FC12F9422BE61E300A111C8 /* Release */,
			);
			defaultConfigurationIsVisible = 0;
			defaultConfigurationName = Release;
		};
		9FC12F9522BE61E300A111C8 /* Build configuration list for PBXNativeTarget "RJPSLib" */ = {
			isa = XCConfigurationList;
			buildConfigurations = (
				9FC12F9622BE61E300A111C8 /* Debug */,
				9FC12F9722BE61E300A111C8 /* Release */,
			);
			defaultConfigurationIsVisible = 0;
			defaultConfigurationName = Release;
		};
/* End XCConfigurationList section */

/* Begin XCVersionGroup section */
		9F3EF62422BF1100002D182E /* RJPSLibDataModel.xcdatamodeld */ = {
			isa = XCVersionGroup;
			children = (
				9F3EF62522BF1100002D182E /* RJPSLibDataModel.xcdatamodel */,
			);
			currentVersion = 9F3EF62522BF1100002D182E /* RJPSLibDataModel.xcdatamodel */;
			path = RJPSLibDataModel.xcdatamodeld;
			sourceTree = "<group>";
			versionGroupType = wrapper.xcdatamodel;
		};
/* End XCVersionGroup section */
	};
	rootObject = 9FC12F8422BE61E300A111C8 /* Project object */;
}
